Microsoft Visual Studio Solution File, Format Version 12.00
# Visual Studio Version 17
VisualStudioVersion = 17.8.34322.80
MinimumVisualStudioVersion = 15.0.26124.0
Project("{2150E333-8FDC-42A3-9474-1A3956D46DE8}") = "src", "src", "{BD8BA25C-A91D-419D-99B6-B575ADD6D061}"
EndProject
Project("{9A19103F-16F7-4668-BE54-9A1E7A4F7556}") = "MvcClient", "..\Shared\src\MvcClient\MvcClient.csproj", "{BF5923FF-9E93-4C01-93C2-8CE7A3F62D12}"
EndProject
Project("{9A19103F-16F7-4668-BE54-9A1E7A4F7556}") = "Api", "..\Shared\src\Api\Api.csproj", "{6E3FD384-F4EA-420B-A0F4-E9BF08127F68}"
EndProject
Project("{9A19103F-16F7-4668-BE54-9A1E7A4F7556}") = "Client", "..\Shared\src\Client\Client.csproj", "{225A262C-3B2D-4064-9C6C-5A3136046237}"
EndProject
Project("{2150E333-8FDC-42A3-9474-1A3956D46DE8}") = "shared", "shared", "{64E61DE2-137D-40A1-8F08-DE3789BDD00F}"
EndProject
Project("{9A19103F-16F7-4668-BE54-9A1E7A4F7556}") = "Host", "src\Host\Host.csproj", "{568915F6-2632-4AFB-A656-9E0520FF1649}"
EndProject
Project("{9A19103F-16F7-4668-BE54-9A1E7A4F7556}") = "IdentityServer", "..\Shared\src\IdentityServer\IdentityServer.csproj", "{7FA09085-DA09-4495-986D-77325EB9DA0B}"
EndProject
Global
	GlobalSection(SolutionConfigurationPlatforms) = preSolution
		Debug|Any CPU = Debug|Any CPU
		Debug|x64 = Debug|x64
		Debug|x86 = Debug|x86
		Release|Any CPU = Release|Any CPU
		Release|x64 = Release|x64
		Release|x86 = Release|x86
	EndGlobalSection
	GlobalSection(ProjectConfigurationPlatforms) = postSolution
		{BF5923FF-9E93-4C01-93C2-8CE7A3F62D12}.Debug|Any CPU.ActiveCfg = Debug|Any CPU
		{BF5923FF-9E93-4C01-93C2-8CE7A3F62D12}.Debug|Any CPU.Build.0 = Debug|Any CPU
		{BF5923FF-9E93-4C01-93C2-8CE7A3F62D12}.Debug|x64.ActiveCfg = Debug|Any CPU
		{BF5923FF-9E93-4C01-93C2-8CE7A3F62D12}.Debug|x64.Build.0 = Debug|Any CPU
		{BF5923FF-9E93-4C01-93C2-8CE7A3F62D12}.Debug|x86.ActiveCfg = Debug|Any CPU
		{BF5923FF-9E93-4C01-93C2-8CE7A3F62D12}.Debug|x86.Build.0 = Debug|Any CPU
		{BF5923FF-9E93-4C01-93C2-8CE7A3F62D12}.Release|Any CPU.ActiveCfg = Release|Any CPU
		{BF5923FF-9E93-4C01-93C2-8CE7A3F62D12}.Release|Any CPU.Build.0 = Release|Any CPU
		{BF5923FF-9E93-4C01-93C2-8CE7A3F62D12}.Release|x64.ActiveCfg = Release|Any CPU
		{BF5923FF-9E93-4C01-93C2-8CE7A3F62D12}.Release|x64.Build.0 = Release|Any CPU
		{BF5923FF-9E93-4C01-93C2-8CE7A3F62D12}.Release|x86.ActiveCfg = Release|Any CPU
		{BF5923FF-9E93-4C01-93C2-8CE7A3F62D12}.Release|x86.Build.0 = Release|Any CPU
		{6E3FD384-F4EA-420B-A0F4-E9BF08127F68}.Debug|Any CPU.ActiveCfg = Debug|Any CPU
		{6E3FD384-F4EA-420B-A0F4-E9BF08127F68}.Debug|Any CPU.Build.0 = Debug|Any CPU
		{6E3FD384-F4EA-420B-A0F4-E9BF08127F68}.Debug|x64.ActiveCfg = Debug|Any CPU
		{6E3FD384-F4EA-420B-A0F4-E9BF08127F68}.Debug|x64.Build.0 = Debug|Any CPU
		{6E3FD384-F4EA-420B-A0F4-E9BF08127F68}.Debug|x86.ActiveCfg = Debug|Any CPU
		{6E3FD384-F4EA-420B-A0F4-E9BF08127F68}.Debug|x86.Build.0 = Debug|Any CPU
		{6E3FD384-F4EA-420B-A0F4-E9BF08127F68}.Release|Any CPU.ActiveCfg = Release|Any CPU
		{6E3FD384-F4EA-420B-A0F4-E9BF08127F68}.Release|Any CPU.Build.0 = Release|Any CPU
		{6E3FD384-F4EA-420B-A0F4-E9BF08127F68}.Release|x64.ActiveCfg = Release|Any CPU
		{6E3FD384-F4EA-420B-A0F4-E9BF08127F68}.Release|x64.Build.0 = Release|Any CPU
		{6E3FD384-F4EA-420B-A0F4-E9BF08127F68}.Release|x86.ActiveCfg = Release|Any CPU
		{6E3FD384-F4EA-420B-A0F4-E9BF08127F68}.Release|x86.Build.0 = Release|Any CPU
		{225A262C-3B2D-4064-9C6C-5A3136046237}.Debug|Any CPU.ActiveCfg = Debug|Any CPU
		{225A262C-3B2D-4064-9C6C-5A3136046237}.Debug|Any CPU.Build.0 = Debug|Any CPU
		{225A262C-3B2D-4064-9C6C-5A3136046237}.Debug|x64.ActiveCfg = Debug|Any CPU
		{225A262C-3B2D-4064-9C6C-5A3136046237}.Debug|x64.Build.0 = Debug|Any CPU
		{225A262C-3B2D-4064-9C6C-5A3136046237}.Debug|x86.ActiveCfg = Debug|Any CPU
		{225A262C-3B2D-4064-9C6C-5A3136046237}.Debug|x86.Build.0 = Debug|Any CPU
		{225A262C-3B2D-4064-9C6C-5A3136046237}.Release|Any CPU.ActiveCfg = Release|Any CPU
		{225A262C-3B2D-4064-9C6C-5A3136046237}.Release|Any CPU.Build.0 = Release|Any CPU
		{225A262C-3B2D-4064-9C6C-5A3136046237}.Release|x64.ActiveCfg = Release|Any CPU
		{225A262C-3B2D-4064-9C6C-5A3136046237}.Release|x64.Build.0 = Release|Any CPU
		{225A262C-3B2D-4064-9C6C-5A3136046237}.Release|x86.ActiveCfg = Release|Any CPU
		{225A262C-3B2D-4064-9C6C-5A3136046237}.Release|x86.Build.0 = Release|Any CPU
		{568915F6-2632-4AFB-A656-9E0520FF1649}.Debug|Any CPU.ActiveCfg = Debug|Any CPU
		{568915F6-2632-4AFB-A656-9E0520FF1649}.Debug|Any CPU.Build.0 = Debug|Any CPU
		{568915F6-2632-4AFB-A656-9E0520FF1649}.Debug|x64.ActiveCfg = Debug|Any CPU
		{568915F6-2632-4AFB-A656-9E0520FF1649}.Debug|x64.Build.0 = Debug|Any CPU
		{568915F6-2632-4AFB-A656-9E0520FF1649}.Debug|x86.ActiveCfg = Debug|Any CPU
		{568915F6-2632-4AFB-A656-9E0520FF1649}.Debug|x86.Build.0 = Debug|Any CPU
		{568915F6-2632-4AFB-A656-9E0520FF1649}.Release|Any CPU.ActiveCfg = Release|Any CPU
		{568915F6-2632-4AFB-A656-9E0520FF1649}.Release|Any CPU.Build.0 = Release|Any CPU
		{568915F6-2632-4AFB-A656-9E0520FF1649}.Release|x64.ActiveCfg = Release|Any CPU
		{568915F6-2632-4AFB-A656-9E0520FF1649}.Release|x64.Build.0 = Release|Any CPU
		{568915F6-2632-4AFB-A656-9E0520FF1649}.Release|x86.ActiveCfg = Release|Any CPU
		{568915F6-2632-4AFB-A656-9E0520FF1649}.Release|x86.Build.0 = Release|Any CPU
		{7FA09085-DA09-4495-986D-77325EB9DA0B}.Debug|Any CPU.ActiveCfg = Debug|Any CPU
		{7FA09085-DA09-4495-986D-77325EB9DA0B}.Debug|Any CPU.Build.0 = Debug|Any CPU
		{7FA09085-DA09-4495-986D-77325EB9DA0B}.Debug|x64.ActiveCfg = Debug|Any CPU
		{7FA09085-DA09-4495-986D-77325EB9DA0B}.Debug|x64.Build.0 = Debug|Any CPU
		{7FA09085-DA09-4495-986D-77325EB9DA0B}.Debug|x86.ActiveCfg = Debug|Any CPU
		{7FA09085-DA09-4495-986D-77325EB9DA0B}.Debug|x86.Build.0 = Debug|Any CPU
		{7FA09085-DA09-4495-986D-77325EB9DA0B}.Release|Any CPU.ActiveCfg = Release|Any CPU
		{7FA09085-DA09-4495-986D-77325EB9DA0B}.Release|Any CPU.Build.0 = Release|Any CPU
		{7FA09085-DA09-4495-986D-77325EB9DA0B}.Release|x64.ActiveCfg = Release|Any CPU
		{7FA09085-DA09-4495-986D-77325EB9DA0B}.Release|x64.Build.0 = Release|Any CPU
		{7FA09085-DA09-4495-986D-77325EB9DA0B}.Release|x86.ActiveCfg = Release|Any CPU
		{7FA09085-DA09-4495-986D-77325EB9DA0B}.Release|x86.Build.0 = Release|Any CPU
	EndGlobalSection
	GlobalSection(SolutionProperties) = preSolution
		HideSolutionNode = FALSE
	EndGlobalSection
	GlobalSection(NestedProjects) = preSolution
		{BF5923FF-9E93-4C01-93C2-8CE7A3F62D12} = {64E61DE2-137D-40A1-8F08-DE3789BDD00F}
		{6E3FD384-F4EA-420B-A0F4-E9BF08127F68} = {64E61DE2-137D-40A1-8F08-DE3789BDD00F}
		{225A262C-3B2D-4064-9C6C-5A3136046237} = {64E61DE2-137D-40A1-8F08-DE3789BDD00F}
		{568915F6-2632-4AFB-A656-9E0520FF1649} = {BD8BA25C-A91D-419D-99B6-B575ADD6D061}
		{7FA09085-DA09-4495-986D-77325EB9DA0B} = {64E61DE2-137D-40A1-8F08-DE3789BDD00F}
	EndGlobalSection
	GlobalSection(ExtensibilityGlobals) = postSolution
		SolutionGuid = {84D5AF06-1243-46F1-9D58-70ED572832C3}
	EndGlobalSection
EndGlobal
