Microsoft Visual Studio Solution File, Format Version 12.00
# Visual Studio Version 17
VisualStudioVersion = 17.8.34322.80
MinimumVisualStudioVersion = 15.0.26124.0
Project("{2150E333-8FDC-42A3-9474-1A3956D46DE8}") = "src", "src", "{BD8BA25C-A91D-419D-99B6-B575ADD6D061}"
EndProject
Project("{9A19103F-16F7-4668-BE54-9A1E7A4F7556}") = "MvcClient", "..\Shared\src\MvcClient\MvcClient.csproj", "{BF5923FF-9E93-4C01-93C2-8CE7A3F62D12}"
EndProject
Project("{9A19103F-16F7-4668-BE54-9A1E7A4F7556}") = "Api", "..\Shared\src\Api\Api.csproj", "{FB7DDF43-1EB6-4FBF-B83D-6E19F723D7E4}"
EndProject
Project("{9A19103F-16F7-4668-BE54-9A1E7A4F7556}") = "Client", "..\Shared\src\Client\Client.csproj", "{78C0AEF8-E8B7-4F62-948C-FEFBF0ED881B}"
EndProject
Project("{2150E333-8FDC-42A3-9474-1A3956D46DE8}") = "shared", "shared", "{13992DA9-9A53-4054-B8AD-C21832D7F594}"
EndProject
Project("{9A19103F-16F7-4668-BE54-9A1E7A4F7556}") = "Host", "src\Host\Host.csproj", "{E47F9C80-C0D9-4618-83CD-805AEADBB941}"
EndProject
Project("{9A19103F-16F7-4668-BE54-9A1E7A4F7556}") = "IdentityServer", "..\Shared\src\IdentityServer\IdentityServer.csproj", "{554A7AE3-40C0-4AF9-9FE0-BD3CC1C7D99F}"
EndProject
Global
	GlobalSection(SolutionConfigurationPlatforms) = preSolution
		Debug|Any CPU = Debug|Any CPU
		Debug|x64 = Debug|x64
		Debug|x86 = Debug|x86
		Release|Any CPU = Release|Any CPU
		Release|x64 = Release|x64
		Release|x86 = Release|x86
	EndGlobalSection
	GlobalSection(ProjectConfigurationPlatforms) = postSolution
		{BF5923FF-9E93-4C01-93C2-8CE7A3F62D12}.Debug|Any CPU.ActiveCfg = Debug|Any CPU
		{BF5923FF-9E93-4C01-93C2-8CE7A3F62D12}.Debug|Any CPU.Build.0 = Debug|Any CPU
		{BF5923FF-9E93-4C01-93C2-8CE7A3F62D12}.Debug|x64.ActiveCfg = Debug|Any CPU
		{BF5923FF-9E93-4C01-93C2-8CE7A3F62D12}.Debug|x64.Build.0 = Debug|Any CPU
		{BF5923FF-9E93-4C01-93C2-8CE7A3F62D12}.Debug|x86.ActiveCfg = Debug|Any CPU
		{BF5923FF-9E93-4C01-93C2-8CE7A3F62D12}.Debug|x86.Build.0 = Debug|Any CPU
		{BF5923FF-9E93-4C01-93C2-8CE7A3F62D12}.Release|Any CPU.ActiveCfg = Release|Any CPU
		{BF5923FF-9E93-4C01-93C2-8CE7A3F62D12}.Release|Any CPU.Build.0 = Release|Any CPU
		{BF5923FF-9E93-4C01-93C2-8CE7A3F62D12}.Release|x64.ActiveCfg = Release|Any CPU
		{BF5923FF-9E93-4C01-93C2-8CE7A3F62D12}.Release|x64.Build.0 = Release|Any CPU
		{BF5923FF-9E93-4C01-93C2-8CE7A3F62D12}.Release|x86.ActiveCfg = Release|Any CPU
		{BF5923FF-9E93-4C01-93C2-8CE7A3F62D12}.Release|x86.Build.0 = Release|Any CPU
		{FB7DDF43-1EB6-4FBF-B83D-6E19F723D7E4}.Debug|Any CPU.ActiveCfg = Debug|Any CPU
		{FB7DDF43-1EB6-4FBF-B83D-6E19F723D7E4}.Debug|Any CPU.Build.0 = Debug|Any CPU
		{FB7DDF43-1EB6-4FBF-B83D-6E19F723D7E4}.Debug|x64.ActiveCfg = Debug|Any CPU
		{FB7DDF43-1EB6-4FBF-B83D-6E19F723D7E4}.Debug|x64.Build.0 = Debug|Any CPU
		{FB7DDF43-1EB6-4FBF-B83D-6E19F723D7E4}.Debug|x86.ActiveCfg = Debug|Any CPU
		{FB7DDF43-1EB6-4FBF-B83D-6E19F723D7E4}.Debug|x86.Build.0 = Debug|Any CPU
		{FB7DDF43-1EB6-4FBF-B83D-6E19F723D7E4}.Release|Any CPU.ActiveCfg = Release|Any CPU
		{FB7DDF43-1EB6-4FBF-B83D-6E19F723D7E4}.Release|Any CPU.Build.0 = Release|Any CPU
		{FB7DDF43-1EB6-4FBF-B83D-6E19F723D7E4}.Release|x64.ActiveCfg = Release|Any CPU
		{FB7DDF43-1EB6-4FBF-B83D-6E19F723D7E4}.Release|x64.Build.0 = Release|Any CPU
		{FB7DDF43-1EB6-4FBF-B83D-6E19F723D7E4}.Release|x86.ActiveCfg = Release|Any CPU
		{FB7DDF43-1EB6-4FBF-B83D-6E19F723D7E4}.Release|x86.Build.0 = Release|Any CPU
		{78C0AEF8-E8B7-4F62-948C-FEFBF0ED881B}.Debug|Any CPU.ActiveCfg = Debug|Any CPU
		{78C0AEF8-E8B7-4F62-948C-FEFBF0ED881B}.Debug|Any CPU.Build.0 = Debug|Any CPU
		{78C0AEF8-E8B7-4F62-948C-FEFBF0ED881B}.Debug|x64.ActiveCfg = Debug|Any CPU
		{78C0AEF8-E8B7-4F62-948C-FEFBF0ED881B}.Debug|x64.Build.0 = Debug|Any CPU
		{78C0AEF8-E8B7-4F62-948C-FEFBF0ED881B}.Debug|x86.ActiveCfg = Debug|Any CPU
		{78C0AEF8-E8B7-4F62-948C-FEFBF0ED881B}.Debug|x86.Build.0 = Debug|Any CPU
		{78C0AEF8-E8B7-4F62-948C-FEFBF0ED881B}.Release|Any CPU.ActiveCfg = Release|Any CPU
		{78C0AEF8-E8B7-4F62-948C-FEFBF0ED881B}.Release|Any CPU.Build.0 = Release|Any CPU
		{78C0AEF8-E8B7-4F62-948C-FEFBF0ED881B}.Release|x64.ActiveCfg = Release|Any CPU
		{78C0AEF8-E8B7-4F62-948C-FEFBF0ED881B}.Release|x64.Build.0 = Release|Any CPU
		{78C0AEF8-E8B7-4F62-948C-FEFBF0ED881B}.Release|x86.ActiveCfg = Release|Any CPU
		{78C0AEF8-E8B7-4F62-948C-FEFBF0ED881B}.Release|x86.Build.0 = Release|Any CPU
		{E47F9C80-C0D9-4618-83CD-805AEADBB941}.Debug|Any CPU.ActiveCfg = Debug|Any CPU
		{E47F9C80-C0D9-4618-83CD-805AEADBB941}.Debug|Any CPU.Build.0 = Debug|Any CPU
		{E47F9C80-C0D9-4618-83CD-805AEADBB941}.Debug|x64.ActiveCfg = Debug|Any CPU
		{E47F9C80-C0D9-4618-83CD-805AEADBB941}.Debug|x64.Build.0 = Debug|Any CPU
		{E47F9C80-C0D9-4618-83CD-805AEADBB941}.Debug|x86.ActiveCfg = Debug|Any CPU
		{E47F9C80-C0D9-4618-83CD-805AEADBB941}.Debug|x86.Build.0 = Debug|Any CPU
		{E47F9C80-C0D9-4618-83CD-805AEADBB941}.Release|Any CPU.ActiveCfg = Release|Any CPU
		{E47F9C80-C0D9-4618-83CD-805AEADBB941}.Release|Any CPU.Build.0 = Release|Any CPU
		{E47F9C80-C0D9-4618-83CD-805AEADBB941}.Release|x64.ActiveCfg = Release|Any CPU
		{E47F9C80-C0D9-4618-83CD-805AEADBB941}.Release|x64.Build.0 = Release|Any CPU
		{E47F9C80-C0D9-4618-83CD-805AEADBB941}.Release|x86.ActiveCfg = Release|Any CPU
		{E47F9C80-C0D9-4618-83CD-805AEADBB941}.Release|x86.Build.0 = Release|Any CPU
		{554A7AE3-40C0-4AF9-9FE0-BD3CC1C7D99F}.Debug|Any CPU.ActiveCfg = Debug|Any CPU
		{554A7AE3-40C0-4AF9-9FE0-BD3CC1C7D99F}.Debug|Any CPU.Build.0 = Debug|Any CPU
		{554A7AE3-40C0-4AF9-9FE0-BD3CC1C7D99F}.Debug|x64.ActiveCfg = Debug|Any CPU
		{554A7AE3-40C0-4AF9-9FE0-BD3CC1C7D99F}.Debug|x64.Build.0 = Debug|Any CPU
		{554A7AE3-40C0-4AF9-9FE0-BD3CC1C7D99F}.Debug|x86.ActiveCfg = Debug|Any CPU
		{554A7AE3-40C0-4AF9-9FE0-BD3CC1C7D99F}.Debug|x86.Build.0 = Debug|Any CPU
		{554A7AE3-40C0-4AF9-9FE0-BD3CC1C7D99F}.Release|Any CPU.ActiveCfg = Release|Any CPU
		{554A7AE3-40C0-4AF9-9FE0-BD3CC1C7D99F}.Release|Any CPU.Build.0 = Release|Any CPU
		{554A7AE3-40C0-4AF9-9FE0-BD3CC1C7D99F}.Release|x64.ActiveCfg = Release|Any CPU
		{554A7AE3-40C0-4AF9-9FE0-BD3CC1C7D99F}.Release|x64.Build.0 = Release|Any CPU
		{554A7AE3-40C0-4AF9-9FE0-BD3CC1C7D99F}.Release|x86.ActiveCfg = Release|Any CPU
		{554A7AE3-40C0-4AF9-9FE0-BD3CC1C7D99F}.Release|x86.Build.0 = Release|Any CPU
	EndGlobalSection
	GlobalSection(SolutionProperties) = preSolution
		HideSolutionNode = FALSE
	EndGlobalSection
	GlobalSection(NestedProjects) = preSolution
		{BF5923FF-9E93-4C01-93C2-8CE7A3F62D12} = {13992DA9-9A53-4054-B8AD-C21832D7F594}
		{FB7DDF43-1EB6-4FBF-B83D-6E19F723D7E4} = {13992DA9-9A53-4054-B8AD-C21832D7F594}
		{78C0AEF8-E8B7-4F62-948C-FEFBF0ED881B} = {13992DA9-9A53-4054-B8AD-C21832D7F594}
		{E47F9C80-C0D9-4618-83CD-805AEADBB941} = {BD8BA25C-A91D-419D-99B6-B575ADD6D061}
		{554A7AE3-40C0-4AF9-9FE0-BD3CC1C7D99F} = {13992DA9-9A53-4054-B8AD-C21832D7F594}
	EndGlobalSection
	GlobalSection(ExtensibilityGlobals) = postSolution
		SolutionGuid = {84D5AF06-1243-46F1-9D58-70ED572832C3}
	EndGlobalSection
EndGlobal
