Microsoft Visual Studio Solution File, Format Version 12.00
# Visual Studio Version 17
VisualStudioVersion = 17.8.34322.80
MinimumVisualStudioVersion = 10.0.40219.1
Project("{2150E333-8FDC-42A3-9474-1A3956D46DE8}") = "src", "src", "{5461C61B-B06E-46BA-B206-925B660BE727}"
EndProject
Project("{2150E333-8FDC-42A3-9474-1A3956D46DE8}") = "test", "test", "{45C22EDD-91B1-4AEF-8620-77F4E3E7C544}"
EndProject
Project("{9A19103F-16F7-4668-BE54-9A1E7A4F7556}") = "IdentityServer8", "IdentityServer8\src\IdentityServer8.csproj", "{407C030E-60E6-41F7-AF43-0AC48EDCC17D}"
EndProject
Project("{9A19103F-16F7-4668-BE54-9A1E7A4F7556}") = "Host", "IdentityServer8\host\Host.csproj", "{784B3C88-30FA-415D-B99E-584063064508}"
EndProject
Project("{9A19103F-16F7-4668-BE54-9A1E7A4F7556}") = "IdentityServer.UnitTests", "IdentityServer8\test\IdentityServer.UnitTests\IdentityServer.UnitTests.csproj", "{4291820C-735F-4776-8BC4-6527433BC683}"
EndProject
Project("{9A19103F-16F7-4668-BE54-9A1E7A4F7556}") = "IdentityServer.IntegrationTests", "IdentityServer8\test\IdentityServer.IntegrationTests\IdentityServer.IntegrationTests.csproj", "{94501373-478A-478D-8C17-6AC52E3438CF}"
EndProject
Project("{9A19103F-16F7-4668-BE54-9A1E7A4F7556}") = "IdentityServer8.EntityFramework.Storage", "EntityFramework.Storage\src\IdentityServer8.EntityFramework.Storage.csproj", "{5302DAB3-1662-4956-97AA-5EA5E85B10F6}"
EndProject
Project("{9A19103F-16F7-4668-BE54-9A1E7A4F7556}") = "IdentityServer8.EntityFramework.UnitTests", "EntityFramework.Storage\test\UnitTests\IdentityServer8.EntityFramework.UnitTests.csproj", "{8239FC82-46A3-4F21-8D05-1F0BE0B1B1FC}"
EndProject
Project("{9A19103F-16F7-4668-BE54-9A1E7A4F7556}") = "IdentityServer8.EntityFramework.IntegrationTests", "EntityFramework.Storage\test\IntegrationTests\IdentityServer8.EntityFramework.IntegrationTests.csproj", "{E90F7470-C7F8-464B-9C28-87C474085812}"
EndProject
Project("{2150E333-8FDC-42A3-9474-1A3956D46DE8}") = "migrations", "migrations", "{E3EF31E0-6658-4899-8BDA-FF84355E2FDD}"
EndProject
Project("{9A19103F-16F7-4668-BE54-9A1E7A4F7556}") = "SqlServer", "EntityFramework.Storage\migrations\SqlServer\SqlServer.csproj", "{A93A59EC-D75D-44E1-9720-F75D9EF95BC3}"
EndProject
Project("{2150E333-8FDC-42A3-9474-1A3956D46DE8}") = "host", "host", "{07C56E10-A807-4372-ACD9-ADED2D099BC8}"
EndProject
Project("{9A19103F-16F7-4668-BE54-9A1E7A4F7556}") = "ConsoleHost", "EntityFramework.Storage\host\ConsoleHost\ConsoleHost.csproj", "{2AA5AC6B-531B-426E-AD38-5B03F1949CF5}"
EndProject
Project("{2150E333-8FDC-42A3-9474-1A3956D46DE8}") = "IdentityServer", "IdentityServer", "{37FCD1F7-B8CB-4D7B-A2E8-0AE458652314}"
EndProject
Project("{2150E333-8FDC-42A3-9474-1A3956D46DE8}") = "EntityFramework.Storage", "EntityFramework.Storage", "{28C914A4-BC3B-4D55-8799-C8A4A6AD724E}"
EndProject
Project("{2150E333-8FDC-42A3-9474-1A3956D46DE8}") = "IdentityServer", "IdentityServer", "{E5F41733-E9B8-4EA8-A5A3-620827B68340}"
EndProject
Project("{2150E333-8FDC-42A3-9474-1A3956D46DE8}") = "EntityFramework.Storage", "EntityFramework.Storage", "{6F2785D9-4208-4A9F-85B0-674185D393C5}"
EndProject
Project("{2150E333-8FDC-42A3-9474-1A3956D46DE8}") = "Storage", "Storage", "{19B12297-DCC0-4529-A04C-5B0E2C0F01B9}"
EndProject
Project("{2150E333-8FDC-42A3-9474-1A3956D46DE8}") = "Storage", "Storage", "{6CB8A0D7-77D4-411B-953C-A4AB50F56205}"
EndProject
Project("{9A19103F-16F7-4668-BE54-9A1E7A4F7556}") = "IdentityServer8.Storage", "Storage\src\IdentityServer8.Storage.csproj", "{A5E2B0DD-9C88-42B5-BCEC-7ED701504FF7}"
EndProject
Project("{9A19103F-16F7-4668-BE54-9A1E7A4F7556}") = "IdentityServer8.AspNetIdentity", "AspNetIdentity\src\IdentityServer8.AspNetIdentity.csproj", "{A2CDBE15-5898-4A04-94DC-133EE03A78B3}"
EndProject
Project("{9A19103F-16F7-4668-BE54-9A1E7A4F7556}") = "Host", "AspNetIdentity\host\Host.csproj", "{B7FBA07C-A462-4869-AF94-5E36DFC3742D}"
EndProject
Project("{9A19103F-16F7-4668-BE54-9A1E7A4F7556}") = "SqlServer", "AspNetIdentity\migrations\SqlServer\SqlServer.csproj", "{DD44B9E9-C32E-4F89-92C9-25444A709BBB}"
EndProject
Project("{9A19103F-16F7-4668-BE54-9A1E7A4F7556}") = "IdentityServer8.EntityFramework", "EntityFramework\src\IdentityServer8.EntityFramework.csproj", "{AB83F911-8B78-4973-A3A9-2A2D85581F25}"
EndProject
Project("{9A19103F-16F7-4668-BE54-9A1E7A4F7556}") = "SqlServer", "EntityFramework\migrations\SqlServer\SqlServer.csproj", "{D9FABEC8-09DC-4B0D-80D7-86FA6C5D9C69}"
EndProject
Project("{9A19103F-16F7-4668-BE54-9A1E7A4F7556}") = "IdentityServer8.EntityFramework.Tests", "EntityFramework\test\IdentityServer8.EntityFramework.Tests\IdentityServer8.EntityFramework.Tests.csproj", "{E3685B06-F135-4318-B841-889C35479D5C}"
EndProject
Project("{2150E333-8FDC-42A3-9474-1A3956D46DE8}") = "Solution Files", "Solution Files", "{29DC1E06-3EC5-4F52-9EC1-0363BD571369}"
	ProjectSection(SolutionItems) = preProject
		..\.gitignore = ..\.gitignore
		..\Directory.Build.props = ..\Directory.Build.props
		..\Directory.Build.targets = ..\Directory.Build.targets
		Directory.BuildOld.targets = Directory.BuildOld.targets
		..\Directory.Packages.props = ..\Directory.Packages.props
		..\global.json = ..\global.json
		..\IdentityServer8.DotNet.ruleset = ..\IdentityServer8.DotNet.ruleset
		..\LICENSE = ..\LICENSE
		..\LicenseHeader.txt = ..\LicenseHeader.txt
		..\NuGet.config = ..\NuGet.config
		..\README.md = ..\README.md
		..\SECURITY.MD = ..\SECURITY.MD
		..\SPONSORS.md = ..\SPONSORS.md
		..\version.json = ..\version.json
	EndProjectSection
EndProject
Project("{2150E333-8FDC-42A3-9474-1A3956D46DE8}") = "AspNetIdentity", "AspNetIdentity", "{7849D7DE-FD6A-4A5B-A793-5DCFFCDDC944}"
EndProject
Project("{2150E333-8FDC-42A3-9474-1A3956D46DE8}") = "EntityFramework", "EntityFramework", "{06FC2C45-FCD6-469C-8F2D-3E1A750D1EF9}"
EndProject
Project("{2150E333-8FDC-42A3-9474-1A3956D46DE8}") = "EntityFramework", "EntityFramework", "{39F7E2E8-1EAB-4163-8E4D-43CBB23AB871}"
EndProject
Project("{2150E333-8FDC-42A3-9474-1A3956D46DE8}") = ".github", ".github", "{A7171FEC-FEC1-4AF0-9625-E69D93F08A42}"
	ProjectSection(SolutionItems) = preProject
		..\.github\CONTRIBUTING.md = ..\.github\CONTRIBUTING.md
		..\.github\dependabot.yml = ..\.github\dependabot.yml
		..\.github\FUNDING.yml = ..\.github\FUNDING.yml
		..\.github\PULL_REQUEST_TEMPLATE.md = ..\.github\PULL_REQUEST_TEMPLATE.md
	EndProjectSection
EndProject
Project("{2150E333-8FDC-42A3-9474-1A3956D46DE8}") = "issuetemplate", "issuetemplate", "{0BC5E76A-A280-49C8-8E96-A43FEA357A4B}"
EndProject
Project("{2150E333-8FDC-42A3-9474-1A3956D46DE8}") = "workflows", "workflows", "{C5474352-0715-41C0-92C2-BABA1A4103A0}"
	ProjectSection(SolutionItems) = preProject
		..\.github\workflows\codeql.yml = ..\.github\workflows\codeql.yml
		..\.github\workflows\develop.yml = ..\.github\workflows\develop.yml
		..\.github\workflows\master.yml = ..\.github\workflows\master.yml
		..\.github\workflows\pre-release.yml = ..\.github\workflows\pre-release.yml
		..\.github\workflows\release.yml = ..\.github\workflows\release.yml
	EndProjectSection
EndProject
Project("{2150E333-8FDC-42A3-9474-1A3956D46DE8}") = "docs", "docs", "{21B3EAAF-1A7D-4D46-AB3F-843296EDBDC2}"
	ProjectSection(SolutionItems) = preProject
		..\docs\CHANGELOG.md = ..\docs\CHANGELOG.md
	EndProjectSection
EndProject
Project("{2150E333-8FDC-42A3-9474-1A3956D46DE8}") = "Security", "Security", "{9B9C47C4-560E-4F2E-8F53-97F9FDE46008}"
EndProject
Project("{2150E333-8FDC-42A3-9474-1A3956D46DE8}") = "Security", "Security", "{19B652D0-0AA1-415C-AA62-065EE8C77182}"
EndProject
Project("{9A19103F-16F7-4668-BE54-9A1E7A4F7556}") = "IdentityServer8.Security", "Security\IdentityServer8.Security\IdentityServer8.Security.csproj", "{284DF9E0-8007-4E84-949D-5B610D76B1CF}"
EndProject
Project("{9A19103F-16F7-4668-BE54-9A1E7A4F7556}") = "IdentityServer8.Sanitizer.Tests", "Security\test\IdentityServer8.Santizer.Tests\IdentityServer8.Sanitizer.Tests.csproj", "{00BDF864-B06A-4A48-B8B4-85C219B33CD1}"
EndProject
Project("{9A19103F-16F7-4668-BE54-9A1E7A4F7556}") = "Host", "EntityFramework\host\Host.csproj", "{C7939ADD-36C9-444F-A773-28EC81587831}"
EndProject
Global
	GlobalSection(SolutionConfigurationPlatforms) = preSolution
		Debug|Any CPU = Debug|Any CPU
		Release|Any CPU = Release|Any CPU
	EndGlobalSection
	GlobalSection(ProjectConfigurationPlatforms) = postSolution
		{407C030E-60E6-41F7-AF43-0AC48EDCC17D}.Debug|Any CPU.ActiveCfg = Debug|Any CPU
		{407C030E-60E6-41F7-AF43-0AC48EDCC17D}.Debug|Any CPU.Build.0 = Debug|Any CPU
		{407C030E-60E6-41F7-AF43-0AC48EDCC17D}.Release|Any CPU.ActiveCfg = Release|Any CPU
		{407C030E-60E6-41F7-AF43-0AC48EDCC17D}.Release|Any CPU.Build.0 = Release|Any CPU
		{784B3C88-30FA-415D-B99E-584063064508}.Debug|Any CPU.ActiveCfg = Debug|Any CPU
		{784B3C88-30FA-415D-B99E-584063064508}.Debug|Any CPU.Build.0 = Debug|Any CPU
		{784B3C88-30FA-415D-B99E-584063064508}.Release|Any CPU.ActiveCfg = Release|Any CPU
		{784B3C88-30FA-415D-B99E-584063064508}.Release|Any CPU.Build.0 = Release|Any CPU
		{4291820C-735F-4776-8BC4-6527433BC683}.Debug|Any CPU.ActiveCfg = Debug|Any CPU
		{4291820C-735F-4776-8BC4-6527433BC683}.Debug|Any CPU.Build.0 = Debug|Any CPU
		{4291820C-735F-4776-8BC4-6527433BC683}.Release|Any CPU.ActiveCfg = Release|Any CPU
		{4291820C-735F-4776-8BC4-6527433BC683}.Release|Any CPU.Build.0 = Release|Any CPU
		{94501373-478A-478D-8C17-6AC52E3438CF}.Debug|Any CPU.ActiveCfg = Debug|Any CPU
		{94501373-478A-478D-8C17-6AC52E3438CF}.Debug|Any CPU.Build.0 = Debug|Any CPU
		{94501373-478A-478D-8C17-6AC52E3438CF}.Release|Any CPU.ActiveCfg = Release|Any CPU
		{94501373-478A-478D-8C17-6AC52E3438CF}.Release|Any CPU.Build.0 = Release|Any CPU
		{5302DAB3-1662-4956-97AA-5EA5E85B10F6}.Debug|Any CPU.ActiveCfg = Debug|Any CPU
		{5302DAB3-1662-4956-97AA-5EA5E85B10F6}.Debug|Any CPU.Build.0 = Debug|Any CPU
		{5302DAB3-1662-4956-97AA-5EA5E85B10F6}.Release|Any CPU.ActiveCfg = Release|Any CPU
		{5302DAB3-1662-4956-97AA-5EA5E85B10F6}.Release|Any CPU.Build.0 = Release|Any CPU
		{8239FC82-46A3-4F21-8D05-1F0BE0B1B1FC}.Debug|Any CPU.ActiveCfg = Debug|Any CPU
		{8239FC82-46A3-4F21-8D05-1F0BE0B1B1FC}.Debug|Any CPU.Build.0 = Debug|Any CPU
		{8239FC82-46A3-4F21-8D05-1F0BE0B1B1FC}.Release|Any CPU.ActiveCfg = Release|Any CPU
		{8239FC82-46A3-4F21-8D05-1F0BE0B1B1FC}.Release|Any CPU.Build.0 = Release|Any CPU
		{E90F7470-C7F8-464B-9C28-87C474085812}.Debug|Any CPU.ActiveCfg = Debug|Any CPU
		{E90F7470-C7F8-464B-9C28-87C474085812}.Debug|Any CPU.Build.0 = Debug|Any CPU
		{E90F7470-C7F8-464B-9C28-87C474085812}.Release|Any CPU.ActiveCfg = Release|Any CPU
		{E90F7470-C7F8-464B-9C28-87C474085812}.Release|Any CPU.Build.0 = Release|Any CPU
		{A93A59EC-D75D-44E1-9720-F75D9EF95BC3}.Debug|Any CPU.ActiveCfg = Debug|Any CPU
		{A93A59EC-D75D-44E1-9720-F75D9EF95BC3}.Debug|Any CPU.Build.0 = Debug|Any CPU
		{A93A59EC-D75D-44E1-9720-F75D9EF95BC3}.Release|Any CPU.ActiveCfg = Release|Any CPU
		{A93A59EC-D75D-44E1-9720-F75D9EF95BC3}.Release|Any CPU.Build.0 = Release|Any CPU
		{2AA5AC6B-531B-426E-AD38-5B03F1949CF5}.Debug|Any CPU.ActiveCfg = Debug|Any CPU
		{2AA5AC6B-531B-426E-AD38-5B03F1949CF5}.Debug|Any CPU.Build.0 = Debug|Any CPU
		{2AA5AC6B-531B-426E-AD38-5B03F1949CF5}.Release|Any CPU.ActiveCfg = Release|Any CPU
		{2AA5AC6B-531B-426E-AD38-5B03F1949CF5}.Release|Any CPU.Build.0 = Release|Any CPU
		{A5E2B0DD-9C88-42B5-BCEC-7ED701504FF7}.Debug|Any CPU.ActiveCfg = Debug|Any CPU
		{A5E2B0DD-9C88-42B5-BCEC-7ED701504FF7}.Debug|Any CPU.Build.0 = Debug|Any CPU
		{A5E2B0DD-9C88-42B5-BCEC-7ED701504FF7}.Release|Any CPU.ActiveCfg = Release|Any CPU
		{A5E2B0DD-9C88-42B5-BCEC-7ED701504FF7}.Release|Any CPU.Build.0 = Release|Any CPU
		{A2CDBE15-5898-4A04-94DC-133EE03A78B3}.Debug|Any CPU.ActiveCfg = Debug|Any CPU
		{A2CDBE15-5898-4A04-94DC-133EE03A78B3}.Debug|Any CPU.Build.0 = Debug|Any CPU
		{A2CDBE15-5898-4A04-94DC-133EE03A78B3}.Release|Any CPU.ActiveCfg = Release|Any CPU
		{A2CDBE15-5898-4A04-94DC-133EE03A78B3}.Release|Any CPU.Build.0 = Release|Any CPU
		{B7FBA07C-A462-4869-AF94-5E36DFC3742D}.Debug|Any CPU.ActiveCfg = Debug|Any CPU
		{B7FBA07C-A462-4869-AF94-5E36DFC3742D}.Debug|Any CPU.Build.0 = Debug|Any CPU
		{B7FBA07C-A462-4869-AF94-5E36DFC3742D}.Release|Any CPU.ActiveCfg = Release|Any CPU
		{B7FBA07C-A462-4869-AF94-5E36DFC3742D}.Release|Any CPU.Build.0 = Release|Any CPU
		{DD44B9E9-C32E-4F89-92C9-25444A709BBB}.Debug|Any CPU.ActiveCfg = Debug|Any CPU
		{DD44B9E9-C32E-4F89-92C9-25444A709BBB}.Debug|Any CPU.Build.0 = Debug|Any CPU
		{DD44B9E9-C32E-4F89-92C9-25444A709BBB}.Release|Any CPU.ActiveCfg = Release|Any CPU		
		{AB83F911-8B78-4973-A3A9-2A2D85581F25}.Debug|Any CPU.ActiveCfg = Debug|Any CPU
		{AB83F911-8B78-4973-A3A9-2A2D85581F25}.Debug|Any CPU.Build.0 = Debug|Any CPU
		{AB83F911-8B78-4973-A3A9-2A2D85581F25}.Release|Any CPU.ActiveCfg = Release|Any CPU
		{AB83F911-8B78-4973-A3A9-2A2D85581F25}.Release|Any CPU.Build.0 = Release|Any CPU
		{D9FABEC8-09DC-4B0D-80D7-86FA6C5D9C69}.Debug|Any CPU.ActiveCfg = Debug|Any CPU
		{D9FABEC8-09DC-4B0D-80D7-86FA6C5D9C69}.Debug|Any CPU.Build.0 = Debug|Any CPU
		{D9FABEC8-09DC-4B0D-80D7-86FA6C5D9C69}.Release|Any CPU.ActiveCfg = Release|Any CPU
		{D9FABEC8-09DC-4B0D-80D7-86FA6C5D9C69}.Release|Any CPU.Build.0 = Release|Any CPU
		{E3685B06-F135-4318-B841-889C35479D5C}.Debug|Any CPU.ActiveCfg = Debug|Any CPU
		{E3685B06-F135-4318-B841-889C35479D5C}.Debug|Any CPU.Build.0 = Debug|Any CPU
		{E3685B06-F135-4318-B841-889C35479D5C}.Release|Any CPU.ActiveCfg = Release|Any CPU
		{E3685B06-F135-4318-B841-889C35479D5C}.Release|Any CPU.Build.0 = Release|Any CPU
		{284DF9E0-8007-4E84-949D-5B610D76B1CF}.Debug|Any CPU.ActiveCfg = Debug|Any CPU
		{284DF9E0-8007-4E84-949D-5B610D76B1CF}.Debug|Any CPU.Build.0 = Debug|Any CPU
		{284DF9E0-8007-4E84-949D-5B610D76B1CF}.Release|Any CPU.ActiveCfg = Release|Any CPU
		{284DF9E0-8007-4E84-949D-5B610D76B1CF}.Release|Any CPU.Build.0 = Release|Any CPU
		{00BDF864-B06A-4A48-B8B4-85C219B33CD1}.Debug|Any CPU.ActiveCfg = Debug|Any CPU
		{00BDF864-B06A-4A48-B8B4-85C219B33CD1}.Debug|Any CPU.Build.0 = Debug|Any CPU
		{00BDF864-B06A-4A48-B8B4-85C219B33CD1}.Release|Any CPU.ActiveCfg = Release|Any CPU
		{00BDF864-B06A-4A48-B8B4-85C219B33CD1}.Release|Any CPU.Build.0 = Release|Any CPU
		{C7939ADD-36C9-444F-A773-28EC81587831}.Debug|Any CPU.ActiveCfg = Debug|Any CPU
		{C7939ADD-36C9-444F-A773-28EC81587831}.Debug|Any CPU.Build.0 = Debug|Any CPU
		{C7939ADD-36C9-444F-A773-28EC81587831}.Release|Any CPU.ActiveCfg = Release|Any CPU
		{C7939ADD-36C9-444F-A773-28EC81587831}.Release|Any CPU.Build.0 = Release|Any CPU
	EndGlobalSection
	GlobalSection(SolutionProperties) = preSolution
		HideSolutionNode = FALSE
	EndGlobalSection
	GlobalSection(NestedProjects) = preSolution
		{407C030E-60E6-41F7-AF43-0AC48EDCC17D} = {E5F41733-E9B8-4EA8-A5A3-620827B68340}
		{784B3C88-30FA-415D-B99E-584063064508} = {E5F41733-E9B8-4EA8-A5A3-620827B68340}
		{4291820C-735F-4776-8BC4-6527433BC683} = {37FCD1F7-B8CB-4D7B-A2E8-0AE458652314}
		{94501373-478A-478D-8C17-6AC52E3438CF} = {37FCD1F7-B8CB-4D7B-A2E8-0AE458652314}
		{5302DAB3-1662-4956-97AA-5EA5E85B10F6} = {6F2785D9-4208-4A9F-85B0-674185D393C5}
		{8239FC82-46A3-4F21-8D05-1F0BE0B1B1FC} = {28C914A4-BC3B-4D55-8799-C8A4A6AD724E}
		{E90F7470-C7F8-464B-9C28-87C474085812} = {28C914A4-BC3B-4D55-8799-C8A4A6AD724E}
		{E3EF31E0-6658-4899-8BDA-FF84355E2FDD} = {6F2785D9-4208-4A9F-85B0-674185D393C5}
		{A93A59EC-D75D-44E1-9720-F75D9EF95BC3} = {E3EF31E0-6658-4899-8BDA-FF84355E2FDD}
		{07C56E10-A807-4372-ACD9-ADED2D099BC8} = {6F2785D9-4208-4A9F-85B0-674185D393C5}
		{2AA5AC6B-531B-426E-AD38-5B03F1949CF5} = {07C56E10-A807-4372-ACD9-ADED2D099BC8}
		{37FCD1F7-B8CB-4D7B-A2E8-0AE458652314} = {45C22EDD-91B1-4AEF-8620-77F4E3E7C544}
		{28C914A4-BC3B-4D55-8799-C8A4A6AD724E} = {45C22EDD-91B1-4AEF-8620-77F4E3E7C544}
		{E5F41733-E9B8-4EA8-A5A3-620827B68340} = {5461C61B-B06E-46BA-B206-925B660BE727}
		{6F2785D9-4208-4A9F-85B0-674185D393C5} = {5461C61B-B06E-46BA-B206-925B660BE727}
		{19B12297-DCC0-4529-A04C-5B0E2C0F01B9} = {5461C61B-B06E-46BA-B206-925B660BE727}
		{6CB8A0D7-77D4-411B-953C-A4AB50F56205} = {45C22EDD-91B1-4AEF-8620-77F4E3E7C544}
		{A5E2B0DD-9C88-42B5-BCEC-7ED701504FF7} = {19B12297-DCC0-4529-A04C-5B0E2C0F01B9}
		{A2CDBE15-5898-4A04-94DC-133EE03A78B3} = {7849D7DE-FD6A-4A5B-A793-5DCFFCDDC944}
		{B7FBA07C-A462-4869-AF94-5E36DFC3742D} = {7849D7DE-FD6A-4A5B-A793-5DCFFCDDC944}
		{DD44B9E9-C32E-4F89-92C9-25444A709BBB} = {7849D7DE-FD6A-4A5B-A793-5DCFFCDDC944}
		{AB83F911-8B78-4973-A3A9-2A2D85581F25} = {06FC2C45-FCD6-469C-8F2D-3E1A750D1EF9}
		{D9FABEC8-09DC-4B0D-80D7-86FA6C5D9C69} = {06FC2C45-FCD6-469C-8F2D-3E1A750D1EF9}
		{E3685B06-F135-4318-B841-889C35479D5C} = {39F7E2E8-1EAB-4163-8E4D-43CBB23AB871}
		{7849D7DE-FD6A-4A5B-A793-5DCFFCDDC944} = {5461C61B-B06E-46BA-B206-925B660BE727}
		{06FC2C45-FCD6-469C-8F2D-3E1A750D1EF9} = {5461C61B-B06E-46BA-B206-925B660BE727}
		{39F7E2E8-1EAB-4163-8E4D-43CBB23AB871} = {45C22EDD-91B1-4AEF-8620-77F4E3E7C544}
		{A7171FEC-FEC1-4AF0-9625-E69D93F08A42} = {29DC1E06-3EC5-4F52-9EC1-0363BD571369}
		{0BC5E76A-A280-49C8-8E96-A43FEA357A4B} = {A7171FEC-FEC1-4AF0-9625-E69D93F08A42}
		{C5474352-0715-41C0-92C2-BABA1A4103A0} = {A7171FEC-FEC1-4AF0-9625-E69D93F08A42}
		{21B3EAAF-1A7D-4D46-AB3F-843296EDBDC2} = {29DC1E06-3EC5-4F52-9EC1-0363BD571369}
		{9B9C47C4-560E-4F2E-8F53-97F9FDE46008} = {5461C61B-B06E-46BA-B206-925B660BE727}
		{19B652D0-0AA1-415C-AA62-065EE8C77182} = {45C22EDD-91B1-4AEF-8620-77F4E3E7C544}
		{284DF9E0-8007-4E84-949D-5B610D76B1CF} = {9B9C47C4-560E-4F2E-8F53-97F9FDE46008}
		{00BDF864-B06A-4A48-B8B4-85C219B33CD1} = {19B652D0-0AA1-415C-AA62-065EE8C77182}
		{C7939ADD-36C9-444F-A773-28EC81587831} = {06FC2C45-FCD6-469C-8F2D-3E1A750D1EF9}
	EndGlobalSection
	GlobalSection(ExtensibilityGlobals) = postSolution
		SolutionGuid = {176723F7-4A9B-4F05-A9F3-3BA715E4BDC3}
	EndGlobalSection
EndGlobal
